// !$*UTF8*$!
{
	archiveVersion = 1;
	classes = {
	};
	objectVersion = 46;
	objects = {

/* Begin PBXBuildFile section */
		94610F2C1BBB3DC800EA6E31 /* SettingsViewController.swift in Sources */ = {isa = PBXBuildFile; fileRef = 94610F2A1BBB3DC800EA6E31 /* SettingsViewController.swift */; settings = {ASSET_TAGS = (); }; };
		94610F2D1BBB3DC800EA6E31 /* SettingsViewController.xib in Resources */ = {isa = PBXBuildFile; fileRef = 94610F2B1BBB3DC800EA6E31 /* SettingsViewController.xib */; settings = {ASSET_TAGS = (); }; };
		946A932F1BB9BD24005AB6B0 /* TipViewController.swift in Sources */ = {isa = PBXBuildFile; fileRef = 946A932E1BB9BD24005AB6B0 /* TipViewController.swift */; settings = {ASSET_TAGS = (); }; };
		94DD091B1BB1DF40006927C4 /* AppDelegate.swift in Sources */ = {isa = PBXBuildFile; fileRef = 94DD091A1BB1DF40006927C4 /* AppDelegate.swift */; };
		94DD09201BB1DF40006927C4 /* Main.storyboard in Resources */ = {isa = PBXBuildFile; fileRef = 94DD091E1BB1DF40006927C4 /* Main.storyboard */; };
		94DD09221BB1DF40006927C4 /* Assets.xcassets in Resources */ = {isa = PBXBuildFile; fileRef = 94DD09211BB1DF40006927C4 /* Assets.xcassets */; };
		94DD09251BB1DF40006927C4 /* LaunchScreen.storyboard in Resources */ = {isa = PBXBuildFile; fileRef = 94DD09231BB1DF40006927C4 /* LaunchScreen.storyboard */; };
		94DD09301BB1DF40006927C4 /* TipperTests.swift in Sources */ = {isa = PBXBuildFile; fileRef = 94DD092F1BB1DF40006927C4 /* TipperTests.swift */; };
		94DD093B1BB1DF40006927C4 /* TipperUITests.swift in Sources */ = {isa = PBXBuildFile; fileRef = 94DD093A1BB1DF40006927C4 /* TipperUITests.swift */; };
/* End PBXBuildFile section */

/* Begin PBXContainerItemProxy section */
		94DD092C1BB1DF40006927C4 /* PBXContainerItemProxy */ = {
			isa = PBXContainerItemProxy;
			containerPortal = 94DD090F1BB1DF40006927C4 /* Project object */;
			proxyType = 1;
			remoteGlobalIDString = 94DD09161BB1DF40006927C4;
			remoteInfo = Tipper;
		};
		94DD09371BB1DF40006927C4 /* PBXContainerItemProxy */ = {
			isa = PBXContainerItemProxy;
			containerPortal = 94DD090F1BB1DF40006927C4 /* Project object */;
			proxyType = 1;
			remoteGlobalIDString = 94DD09161BB1DF40006927C4;
			remoteInfo = Tipper;
		};
/* End PBXContainerItemProxy section */

/* Begin PBXFileReference section */
		94610F2A1BBB3DC800EA6E31 /* SettingsViewController.swift */ = {isa = PBXFileReference; fileEncoding = 4; lastKnownFileType = sourcecode.swift; name = SettingsViewController.swift; path = ../SettingsViewController.swift; sourceTree = "<group>"; };
		94610F2B1BBB3DC800EA6E31 /* SettingsViewController.xib */ = {isa = PBXFileReference; fileEncoding = 4; lastKnownFileType = file.xib; name = SettingsViewController.xib; path = ../SettingsViewController.xib; sourceTree = "<group>"; };
		946A932E1BB9BD24005AB6B0 /* TipViewController.swift */ = {isa = PBXFileReference; fileEncoding = 4; lastKnownFileType = sourcecode.swift; path = TipViewController.swift; sourceTree = "<group>"; };
		94DD09171BB1DF40006927C4 /* Tipper.app */ = {isa = PBXFileReference; explicitFileType = wrapper.application; includeInIndex = 0; path = Tipper.app; sourceTree = BUILT_PRODUCTS_DIR; };
		94DD091A1BB1DF40006927C4 /* AppDelegate.swift */ = {isa = PBXFileReference; lastKnownFileType = sourcecode.swift; path = AppDelegate.swift; sourceTree = "<group>"; };
		94DD091F1BB1DF40006927C4 /* Base */ = {isa = PBXFileReference; lastKnownFileType = file.storyboard; name = Base; path = Base.lproj/Main.storyboard; sourceTree = "<group>"; };
		94DD09211BB1DF40006927C4 /* Assets.xcassets */ = {isa = PBXFileReference; lastKnownFileType = folder.assetcatalog; path = Assets.xcassets; sourceTree = "<group>"; };
		94DD09241BB1DF40006927C4 /* Base */ = {isa = PBXFileReference; lastKnownFileType = file.storyboard; name = Base; path = Base.lproj/LaunchScreen.storyboard; sourceTree = "<group>"; };
		94DD09261BB1DF40006927C4 /* Info.plist */ = {isa = PBXFileReference; lastKnownFileType = text.plist.xml; path = Info.plist; sourceTree = "<group>"; };
		94DD092B1BB1DF40006927C4 /* TipperTests.xctest */ = {isa = PBXFileReference; explicitFileType = wrapper.cfbundle; includeInIndex = 0; path = TipperTests.xctest; sourceTree = BUILT_PRODUCTS_DIR; };
		94DD092F1BB1DF40006927C4 /* TipperTests.swift */ = {isa = PBXFileReference; lastKnownFileType = sourcecode.swift; path = TipperTests.swift; sourceTree = "<group>"; };
		94DD09311BB1DF40006927C4 /* Info.plist */ = {isa = PBXFileReference; lastKnownFileType = text.plist.xml; path = Info.plist; sourceTree = "<group>"; };
		94DD09361BB1DF40006927C4 /* TipperUITests.xctest */ = {isa = PBXFileReference; explicitFileType = wrapper.cfbundle; includeInIndex = 0; path = TipperUITests.xctest; sourceTree = BUILT_PRODUCTS_DIR; };
		94DD093A1BB1DF40006927C4 /* TipperUITests.swift */ = {isa = PBXFileReference; lastKnownFileType = sourcecode.swift; path = TipperUITests.swift; sourceTree = "<group>"; };
		94DD093C1BB1DF40006927C4 /* Info.plist */ = {isa = PBXFileReference; lastKnownFileType = text.plist.xml; path = Info.plist; sourceTree = "<group>"; };
/* End PBXFileReference section */

/* Begin PBXFrameworksBuildPhase section */
		94DD09141BB1DF40006927C4 /* Frameworks */ = {
			isa = PBXFrameworksBuildPhase;
			buildActionMask = 2147483647;
			files = (
			);
			runOnlyForDeploymentPostprocessing = 0;
		};
		94DD09281BB1DF40006927C4 /* Frameworks */ = {
			isa = PBXFrameworksBuildPhase;
			buildActionMask = 2147483647;
			files = (
			);
			runOnlyForDeploymentPostprocessing = 0;
		};
		94DD09331BB1DF40006927C4 /* Frameworks */ = {
			isa = PBXFrameworksBuildPhase;
			buildActionMask = 2147483647;
			files = (
			);
			runOnlyForDeploymentPostprocessing = 0;
		};
/* End PBXFrameworksBuildPhase section */

/* Begin PBXGroup section */
		94DD090E1BB1DF40006927C4 = {
			isa = PBXGroup;
			children = (
				94DD09191BB1DF40006927C4 /* Tipper */,
				94DD092E1BB1DF40006927C4 /* TipperTests */,
				94DD09391BB1DF40006927C4 /* TipperUITests */,
				94DD09181BB1DF40006927C4 /* Products */,
			);
			sourceTree = "<group>";
		};
		94DD09181BB1DF40006927C4 /* Products */ = {
			isa = PBXGroup;
			children = (
				94DD09171BB1DF40006927C4 /* Tipper.app */,
				94DD092B1BB1DF40006927C4 /* TipperTests.xctest */,
				94DD09361BB1DF40006927C4 /* TipperUITests.xctest */,
			);
			name = Products;
			sourceTree = "<group>";
		};
		94DD09191BB1DF40006927C4 /* Tipper */ = {
			isa = PBXGroup;
			children = (
				94610F2A1BBB3DC800EA6E31 /* SettingsViewController.swift */,
				94610F2B1BBB3DC800EA6E31 /* SettingsViewController.xib */,
				94DD091A1BB1DF40006927C4 /* AppDelegate.swift */,
				946A932E1BB9BD24005AB6B0 /* TipViewController.swift */,
				94DD091E1BB1DF40006927C4 /* Main.storyboard */,
				94DD09211BB1DF40006927C4 /* Assets.xcassets */,
				94DD09231BB1DF40006927C4 /* LaunchScreen.storyboard */,
				94DD09261BB1DF40006927C4 /* Info.plist */,
			);
			path = Tipper;
			sourceTree = "<group>";
		};
		94DD092E1BB1DF40006927C4 /* TipperTests */ = {
			isa = PBXGroup;
			children = (
				94DD092F1BB1DF40006927C4 /* TipperTests.swift */,
				94DD09311BB1DF40006927C4 /* Info.plist */,
			);
			path = TipperTests;
			sourceTree = "<group>";
		};
		94DD09391BB1DF40006927C4 /* TipperUITests */ = {
			isa = PBXGroup;
			children = (
				94DD093A1BB1DF40006927C4 /* TipperUITests.swift */,
				94DD093C1BB1DF40006927C4 /* Info.plist */,
			);
			path = TipperUITests;
			sourceTree = "<group>";
		};
/* End PBXGroup section */

/* Begin PBXNativeTarget section */
		94DD09161BB1DF40006927C4 /* Tipper */ = {
			isa = PBXNativeTarget;
			buildConfigurationList = 94DD093F1BB1DF40006927C4 /* Build configuration list for PBXNativeTarget "Tipper" */;
			buildPhases = (
				94DD09131BB1DF40006927C4 /* Sources */,
				94DD09141BB1DF40006927C4 /* Frameworks */,
				94DD09151BB1DF40006927C4 /* Resources */,
			);
			buildRules = (
			);
			dependencies = (
			);
			name = Tipper;
			productName = Tipper;
			productReference = 94DD09171BB1DF40006927C4 /* Tipper.app */;
			productType = "com.apple.product-type.application";
		};
		94DD092A1BB1DF40006927C4 /* TipperTests */ = {
			isa = PBXNativeTarget;
			buildConfigurationList = 94DD09421BB1DF40006927C4 /* Build configuration list for PBXNativeTarget "TipperTests" */;
			buildPhases = (
				94DD09271BB1DF40006927C4 /* Sources */,
				94DD09281BB1DF40006927C4 /* Frameworks */,
				94DD09291BB1DF40006927C4 /* Resources */,
			);
			buildRules = (
			);
			dependencies = (
				94DD092D1BB1DF40006927C4 /* PBXTargetDependency */,
			);
			name = TipperTests;
			productName = TipperTests;
			productReference = 94DD092B1BB1DF40006927C4 /* TipperTests.xctest */;
			productType = "com.apple.product-type.bundle.unit-test";
		};
		94DD09351BB1DF40006927C4 /* TipperUITests */ = {
			isa = PBXNativeTarget;
			buildConfigurationList = 94DD09451BB1DF40006927C4 /* Build configuration list for PBXNativeTarget "TipperUITests" */;
			buildPhases = (
				94DD09321BB1DF40006927C4 /* Sources */,
				94DD09331BB1DF40006927C4 /* Frameworks */,
				94DD09341BB1DF40006927C4 /* Resources */,
			);
			buildRules = (
			);
			dependencies = (
				94DD09381BB1DF40006927C4 /* PBXTargetDependency */,
			);
			name = TipperUITests;
			productName = TipperUITests;
			productReference = 94DD09361BB1DF40006927C4 /* TipperUITests.xctest */;
			productType = "com.apple.product-type.bundle.ui-testing";
		};
/* End PBXNativeTarget section */

/* Begin PBXProject section */
		94DD090F1BB1DF40006927C4 /* Project object */ = {
			isa = PBXProject;
			attributes = {
				LastUpgradeCheck = 0700;
				ORGANIZATIONNAME = "Yang Ji";
				TargetAttributes = {
					94DD09161BB1DF40006927C4 = {
						CreatedOnToolsVersion = 7.0;
						DevelopmentTeam = LG84C8TKNJ;
					};
					94DD092A1BB1DF40006927C4 = {
						CreatedOnToolsVersion = 7.0;
						TestTargetID = 94DD09161BB1DF40006927C4;
					};
					94DD09351BB1DF40006927C4 = {
						CreatedOnToolsVersion = 7.0;
						TestTargetID = 94DD09161BB1DF40006927C4;
					};
				};
			};
			buildConfigurationList = 94DD09121BB1DF40006927C4 /* Build configuration list for PBXProject "Tipper" */;
			compatibilityVersion = "Xcode 3.2";
			developmentRegion = English;
			hasScannedForEncodings = 0;
			knownRegions = (
				en,
				Base,
			);
			mainGroup = 94DD090E1BB1DF40006927C4;
			productRefGroup = 94DD09181BB1DF40006927C4 /* Products */;
			projectDirPath = "";
			projectRoot = "";
			targets = (
				94DD09161BB1DF40006927C4 /* Tipper */,
				94DD092A1BB1DF40006927C4 /* TipperTests */,
				94DD09351BB1DF40006927C4 /* TipperUITests */,
			);
		};
/* End PBXProject section */

/* Begin PBXResourcesBuildPhase section */
		94DD09151BB1DF40006927C4 /* Resources */ = {
			isa = PBXResourcesBuildPhase;
			buildActionMask = 2147483647;
			files = (
				94DD09251BB1DF40006927C4 /* LaunchScreen.storyboard in Resources */,
				94DD09221BB1DF40006927C4 /* Assets.xcassets in Resources */,
				94DD09201BB1DF40006927C4 /* Main.storyboard in Resources */,
				94610F2D1BBB3DC800EA6E31 /* SettingsViewController.xib in Resources */,
			);
			runOnlyForDeploymentPostprocessing = 0;
		};
		94DD09291BB1DF40006927C4 /* Resources */ = {
			isa = PBXResourcesBuildPhase;
			buildActionMask = 2147483647;
			files = (
			);
			runOnlyForDeploymentPostprocessing = 0;
		};
		94DD09341BB1DF40006927C4 /* Resources */ = {
			isa = PBXResourcesBuildPhase;
			buildActionMask = 2147483647;
			files = (
			);
			runOnlyForDeploymentPostprocessing = 0;
		};
/* End PBXResourcesBuildPhase section */

/* Begin PBXSourcesBuildPhase section */
		94DD09131BB1DF40006927C4 /* Sources */ = {
			isa = PBXSourcesBuildPhase;
			buildActionMask = 2147483647;
			files = (
				946A932F1BB9BD24005AB6B0 /* TipViewController.swift in Sources */,
				94DD091B1BB1DF40006927C4 /* AppDelegate.swift in Sources */,
				94610F2C1BBB3DC800EA6E31 /* SettingsViewController.swift in Sources */,
			);
			runOnlyForDeploymentPostprocessing = 0;
		};
		94DD09271BB1DF40006927C4 /* Sources */ = {
			isa = PBXSourcesBuildPhase;
			buildActionMask = 2147483647;
			files = (
				94DD09301BB1DF40006927C4 /* TipperTests.swift in Sources */,
			);
			runOnlyForDeploymentPostprocessing = 0;
		};
		94DD09321BB1DF40006927C4 /* Sources */ = {
			isa = PBXSourcesBuildPhase;
			buildActionMask = 2147483647;
			files = (
				94DD093B1BB1DF40006927C4 /* TipperUITests.swift in Sources */,
			);
			runOnlyForDeploymentPostprocessing = 0;
		};
/* End PBXSourcesBuildPhase section */

/* Begin PBXTargetDependency section */
		94DD092D1BB1DF40006927C4 /* PBXTargetDependency */ = {
			isa = PBXTargetDependency;
			target = 94DD09161BB1DF40006927C4 /* Tipper */;
			targetProxy = 94DD092C1BB1DF40006927C4 /* PBXContainerItemProxy */;
		};
		94DD09381BB1DF40006927C4 /* PBXTargetDependency */ = {
			isa = PBXTargetDependency;
			target = 94DD09161BB1DF40006927C4 /* Tipper */;
			targetProxy = 94DD09371BB1DF40006927C4 /* PBXContainerItemProxy */;
		};
/* End PBXTargetDependency section */

/* Begin PBXVariantGroup section */
		94DD091E1BB1DF40006927C4 /* Main.storyboard */ = {
			isa = PBXVariantGroup;
			children = (
				94DD091F1BB1DF40006927C4 /* Base */,
			);
			name = Main.storyboard;
			sourceTree = "<group>";
		};
		94DD09231BB1DF40006927C4 /* LaunchScreen.storyboard */ = {
			isa = PBXVariantGroup;
			children = (
				94DD09241BB1DF40006927C4 /* Base */,
			);
			name = LaunchScreen.storyboard;
			sourceTree = "<group>";
		};
/* End PBXVariantGroup section */

/* Begin XCBuildConfiguration section */
		94DD093D1BB1DF40006927C4 /* Debug */ = {
			isa = XCBuildConfiguration;
			buildSettings = {
				ALWAYS_SEARCH_USER_PATHS = NO;
				CLANG_CXX_LANGUAGE_STANDARD = "gnu++0x";
				CLANG_CXX_LIBRARY = "libc++";
				CLANG_ENABLE_MODULES = YES;
				CLANG_ENABLE_OBJC_ARC = YES;
				CLANG_WARN_BOOL_CONVERSION = YES;
				CLANG_WARN_CONSTANT_CONVERSION = YES;
				CLANG_WARN_DIRECT_OBJC_ISA_USAGE = YES_ERROR;
				CLANG_WARN_EMPTY_BODY = YES;
				CLANG_WARN_ENUM_CONVERSION = YES;
				CLANG_WARN_INT_CONVERSION = YES;
				CLANG_WARN_OBJC_ROOT_CLASS = YES_ERROR;
				CLANG_WARN_UNREACHABLE_CODE = YES;
				CLANG_WARN__DUPLICATE_METHOD_MATCH = YES;
				"CODE_SIGN_IDENTITY[sdk=iphoneos*]" = "iPhone Developer";
				COPY_PHASE_STRIP = NO;
				DEBUG_INFORMATION_FORMAT = dwarf;
				ENABLE_STRICT_OBJC_MSGSEND = YES;
				ENABLE_TESTABILITY = YES;
				GCC_C_LANGUAGE_STANDARD = gnu99;
				GCC_DYNAMIC_NO_PIC = NO;
				GCC_NO_COMMON_BLOCKS = YES;
				GCC_OPTIMIZATION_LEVEL = 0;
				GCC_PREPROCESSOR_DEFINITIONS = (
					"DEBUG=1",
					"$(inherited)",
				);
				GCC_WARN_64_TO_32_BIT_CONVERSION = YES;
				GCC_WARN_ABOUT_RETURN_TYPE = YES_ERROR;
				GCC_WARN_UNDECLARED_SELECTOR = YES;
				GCC_WARN_UNINITIALIZED_AUTOS = YES_AGGRESSIVE;
				GCC_WARN_UNUSED_FUNCTION = YES;
				GCC_WARN_UNUSED_VARIABLE = YES;
				IPHONEOS_DEPLOYMENT_TARGET = 8.4;
				MTL_ENABLE_DEBUG_INFO = YES;
				ONLY_ACTIVE_ARCH = YES;
				SDKROOT = iphoneos;
				SWIFT_OPTIMIZATION_LEVEL = "-Onone";
			};
			name = Debug;
		};
		94DD093E1BB1DF40006927C4 /* Release */ = {
			isa = XCBuildConfiguration;
			buildSettings = {
				ALWAYS_SEARCH_USER_PATHS = NO;
				CLANG_CXX_LANGUAGE_STANDARD = "gnu++0x";
				CLANG_CXX_LIBRARY = "libc++";
				CLANG_ENABLE_MODULES = YES;
				CLANG_ENABLE_OBJC_ARC = YES;
				CLANG_WARN_BOOL_CONVERSION = YES;
				CLANG_WARN_CONSTANT_CONVERSION = YES;
				CLANG_WARN_DIRECT_OBJC_ISA_USAGE = YES_ERROR;
				CLANG_WARN_EMPTY_BODY = YES;
				CLANG_WARN_ENUM_CONVERSION = YES;
				CLANG_WARN_INT_CONVERSION = YES;
				CLANG_WARN_OBJC_ROOT_CLASS = YES_ERROR;
				CLANG_WARN_UNREACHABLE_CODE = YES;
				CLANG_WARN__DUPLICATE_METHOD_MATCH = YES;
				"CODE_SIGN_IDENTITY[sdk=iphoneos*]" = "iPhone Developer";
				COPY_PHASE_STRIP = NO;
				DEBUG_INFORMATION_FORMAT = "dwarf-with-dsym";
				ENABLE_NS_ASSERTIONS = NO;
				ENABLE_STRICT_OBJC_MSGSEND = YES;
				GCC_C_LANGUAGE_STANDARD = gnu99;
				GCC_NO_COMMON_BLOCKS = YES;
				GCC_WARN_64_TO_32_BIT_CONVERSION = YES;
				GCC_WARN_ABOUT_RETURN_TYPE = YES_ERROR;
				GCC_WARN_UNDECLARED_SELECTOR = YES;
				GCC_WARN_UNINITIALIZED_AUTOS = YES_AGGRESSIVE;
				GCC_WARN_UNUSED_FUNCTION = YES;
				GCC_WARN_UNUSED_VARIABLE = YES;
				IPHONEOS_DEPLOYMENT_TARGET = 8.4;
				MTL_ENABLE_DEBUG_INFO = NO;
				SDKROOT = iphoneos;
				VALIDATE_PRODUCT = YES;
			};
			name = Release;
		};
		94DD09401BB1DF40006927C4 /* Debug */ = {
			isa = XCBuildConfiguration;
			buildSettings = {
				ASSETCATALOG_COMPILER_APPICON_NAME = AppIcon;
				CODE_SIGN_IDENTITY = "iPhone Developer";
				INFOPLIST_FILE = Tipper/Info.plist;
				IPHONEOS_DEPLOYMENT_TARGET = 8.4;
				LD_RUNPATH_SEARCH_PATHS = "$(inherited) @executable_path/Frameworks";
				PRODUCT_BUNDLE_IDENTIFIER = mianmian.home.Tipper;
				PRODUCT_NAME = "$(TARGET_NAME)";
				TARGETED_DEVICE_FAMILY = 1;
			};
			name = Debug;
		};
		94DD09411BB1DF40006927C4 /* Release */ = {
			isa = XCBuildConfiguration;
			buildSettings = {
				ASSETCATALOG_COMPILER_APPICON_NAME = AppIcon;
				CODE_SIGN_IDENTITY = "iPhone Developer";
				INFOPLIST_FILE = Tipper/Info.plist;
				IPHONEOS_DEPLOYMENT_TARGET = 8.4;
				LD_RUNPATH_SEARCH_PATHS = "$(inherited) @executable_path/Frameworks";
				PRODUCT_BUNDLE_IDENTIFIER = mianmian.home.Tipper;
				PRODUCT_NAME = "$(TARGET_NAME)";
				TARGETED_DEVICE_FAMILY = 1;
			};
			name = Release;
		};
		94DD09431BB1DF40006927C4 /* Debug */ = {
			isa = XCBuildConfiguration;
			buildSettings = {
				BUNDLE_LOADER = "$(TEST_HOST)";
				INFOPLIST_FILE = TipperTests/Info.plist;
				LD_RUNPATH_SEARCH_PATHS = "$(inherited) @executable_path/Frameworks @loader_path/Frameworks";
				PRODUCT_BUNDLE_IDENTIFIER = mianmian.home.TipperTests;
				PRODUCT_NAME = "$(TARGET_NAME)";
				TEST_HOST = "$(BUILT_PRODUCTS_DIR)/Tipper.app/Tipper";
			};
			name = Debug;
		};
		94DD09441BB1DF40006927C4 /* Release */ = {
			isa = XCBuildConfiguration;
			buildSettings = {
				BUNDLE_LOADER = "$(TEST_HOST)";
				INFOPLIST_FILE = TipperTests/Info.plist;
				LD_RUNPATH_SEARCH_PATHS = "$(inherited) @executable_path/Frameworks @loader_path/Frameworks";
				PRODUCT_BUNDLE_IDENTIFIER = mianmian.home.TipperTests;
				PRODUCT_NAME = "$(TARGET_NAME)";
				TEST_HOST = "$(BUILT_PRODUCTS_DIR)/Tipper.app/Tipper";
			};
			name = Release;
		};
		94DD09461BB1DF40006927C4 /* Debug */ = {
			isa = XCBuildConfiguration;
			buildSettings = {
				INFOPLIST_FILE = TipperUITests/Info.plist;
				LD_RUNPATH_SEARCH_PATHS = "$(inherited) @executable_path/Frameworks @loader_path/Frameworks";
				PRODUCT_BUNDLE_IDENTIFIER = mianmian.home.TipperUITests;
				PRODUCT_NAME = "$(TARGET_NAME)";
				TEST_TARGET_NAME = Tipper;
				USES_XCTRUNNER = YES;
			};
			name = Debug;
		};
		94DD09471BB1DF40006927C4 /* Release */ = {
			isa = XCBuildConfiguration;
			buildSettings = {
				INFOPLIST_FILE = TipperUITests/Info.plist;
				LD_RUNPATH_SEARCH_PATHS = "$(inherited) @executable_path/Frameworks @loader_path/Frameworks";
				PRODUCT_BUNDLE_IDENTIFIER = mianmian.home.TipperUITests;
				PRODUCT_NAME = "$(TARGET_NAME)";
				TEST_TARGET_NAME = Tipper;
				USES_XCTRUNNER = YES;
			};
			name = Release;
		};
/* End XCBuildConfiguration section */

/* Begin XCConfigurationList section */
		94DD09121BB1DF40006927C4 /* Build configuration list for PBXProject "Tipper" */ = {
			isa = XCConfigurationList;
			buildConfigurations = (
				94DD093D1BB1DF40006927C4 /* Debug */,
				94DD093E1BB1DF40006927C4 /* Release */,
			);
			defaultConfigurationIsVisible = 0;
			defaultConfigurationName = Release;
		};
		94DD093F1BB1DF40006927C4 /* Build configuration list for PBXNativeTarget "Tipper" */ = {
			isa = XCConfigurationList;
			buildConfigurations = (
				94DD09401BB1DF40006927C4 /* Debug */,
				94DD09411BB1DF40006927C4 /* Release */,
			);
			defaultConfigurationIsVisible = 0;
			defaultConfigurationName = Release;
		};
		94DD09421BB1DF40006927C4 /* Build configuration list for PBXNativeTarget "TipperTests" */ = {
			isa = XCConfigurationList;
			buildConfigurations = (
				94DD09431BB1DF40006927C4 /* Debug */,
				94DD09441BB1DF40006927C4 /* Release */,
			);
			defaultConfigurationIsVisible = 0;
			defaultConfigurationName = Release;
		};
		94DD09451BB1DF40006927C4 /* Build configuration list for PBXNativeTarget "TipperUITests" */ = {
			isa = XCConfigurationList;
			buildConfigurations = (
				94DD09461BB1DF40006927C4 /* Debug */,
				94DD09471BB1DF40006927C4 /* Release */,
			);
			defaultConfigurationIsVisible = 0;
			defaultConfigurationName = Release;
		};
/* End XCConfigurationList section */
	};
	rootObject = 94DD090F1BB1DF40006927C4 /* Project object */;
}
